
Microsoft Visual Studio Solution File, Format Version 12.00
# Visual Studio Version 16
VisualStudioVersion = 16.0.30128.74
MinimumVisualStudioVersion = 10.0.40219.1
Project("{FAE04EC0-301F-11D3-BF4B-00C04F79EFBC}") = "posturecheck", "posturecheck\posturecheck.csproj", "{4505BB73-BFB5-4D0A-9F65-B0CEDF83556B}"
EndProject
Global
	GlobalSection(SolutionConfigurationPlatforms) = preSolution
		Debug|Any CPU = Debug|Any CPU
		Release|Any CPU = Release|Any CPU
	EndGlobalSection
	GlobalSection(ProjectConfigurationPlatforms) = postSolution
		{4505BB73-BFB5-4D0A-9F65-B0CEDF83556B}.Debug|Any CPU.ActiveCfg = Debug|Any CPU
		{4505BB73-BFB5-4D0A-9F65-B0CEDF83556B}.Debug|Any CPU.Build.0 = Debug|Any CPU
		{4505BB73-BFB5-4D0A-9F65-B0CEDF83556B}.Release|Any CPU.ActiveCfg = Release|Any CPU
		{4505BB73-BFB5-4D0A-9F65-B0CEDF83556B}.Release|Any CPU.Build.0 = Release|Any CPU
	EndGlobalSection
	GlobalSection(SolutionProperties) = preSolution
		HideSolutionNode = FALSE
	EndGlobalSection
	GlobalSection(ExtensibilityGlobals) = postSolution
		SolutionGuid = {BE667D3F-B222-4A68-B5F4-DE0ADFB31225}
	EndGlobalSection
EndGlobal
